
Microsoft Visual Studio Solution File, Format Version 12.00
# Visual Studio 2012
Project("{FAE04EC0-301F-11D3-BF4B-00C04F79EFBC}") = "SendKey", "SendKey.csproj", "{37C5BDFA-8B11-41D5-829B-36A8604EE889}"
EndProject
Global
	GlobalSection(SolutionConfigurationPlatforms) = preSolution
		Debug|Any CPU = Debug|Any CPU
		Release|Any CPU = Release|Any CPU
	EndGlobalSection
	GlobalSection(ProjectConfigurationPlatforms) = postSolution
		{37C5BDFA-8B11-41D5-829B-36A8604EE889}.Debug|Any CPU.ActiveCfg = Debug|Any CPU
		{37C5BDFA-8B11-41D5-829B-36A8604EE889}.Debug|Any CPU.Build.0 = Debug|Any CPU
		{37C5BDFA-8B11-41D5-829B-36A8604EE889}.Release|Any CPU.ActiveCfg = Release|Any CPU
		{37C5BDFA-8B11-41D5-829B-36A8604EE889}.Release|Any CPU.Build.0 = Release|Any CPU
	EndGlobalSection
	GlobalSection(SolutionProperties) = preSolution
		HideSolutionNode = FALSE
	EndGlobalSection
EndGlobal
